
Microsoft Visual Studio Solution File, Format Version 12.00
# Visual Studio Version 16
VisualStudioVersion = 16.0.30611.23
MinimumVisualStudioVersion = 10.0.40219.1
Project("{FAE04EC0-301F-11D3-BF4B-00C04F79EFBC}") = "PayPayCore", "PayPayCore.csproj", "{30E95E86-B943-428D-AB8F-35D7583E9D23}"
EndProject
Global
	GlobalSection(SolutionConfigurationPlatforms) = preSolution
		Debug|Any CPU = Debug|Any CPU
		Release|Any CPU = Release|Any CPU
	EndGlobalSection
	GlobalSection(ProjectConfigurationPlatforms) = postSolution
		{30E95E86-B943-428D-AB8F-35D7583E9D23}.Debug|Any CPU.ActiveCfg = Debug|Any CPU
		{30E95E86-B943-428D-AB8F-35D7583E9D23}.Debug|Any CPU.Build.0 = Debug|Any CPU
		{30E95E86-B943-428D-AB8F-35D7583E9D23}.Release|Any CPU.ActiveCfg = Release|Any CPU
		{30E95E86-B943-428D-AB8F-35D7583E9D23}.Release|Any CPU.Build.0 = Release|Any CPU
	EndGlobalSection
	GlobalSection(SolutionProperties) = preSolution
		HideSolutionNode = FALSE
	EndGlobalSection
	GlobalSection(ExtensibilityGlobals) = postSolution
		SolutionGuid = {3F03D06D-03E8-4356-AD56-6E2831C208F9}
	EndGlobalSection
EndGlobal
